
Microsoft Visual Studio Solution File, Format Version 11.00
# Visual Studio 2010
Project("{FAE04EC0-301F-11D3-BF4B-00C04F79EFBC}") = "AloSpeedportKeyGen", "AloSpeedportKeyGen.csproj", "{71A2769B-A99E-4AE4-A10D-6E415817BBEA}"
EndProject
Global
	GlobalSection(SolutionConfigurationPlatforms) = preSolution
		Debug|Any CPU = Debug|Any CPU
		Release|Any CPU = Release|Any CPU
	EndGlobalSection
	GlobalSection(ProjectConfigurationPlatforms) = postSolution
		{71A2769B-A99E-4AE4-A10D-6E415817BBEA}.Debug|Any CPU.ActiveCfg = Debug|Any CPU
		{71A2769B-A99E-4AE4-A10D-6E415817BBEA}.Debug|Any CPU.Build.0 = Debug|Any CPU
		{71A2769B-A99E-4AE4-A10D-6E415817BBEA}.Release|Any CPU.ActiveCfg = Release|Any CPU
		{71A2769B-A99E-4AE4-A10D-6E415817BBEA}.Release|Any CPU.Build.0 = Release|Any CPU
	EndGlobalSection
	GlobalSection(SolutionProperties) = preSolution
		HideSolutionNode = FALSE
	EndGlobalSection
EndGlobal
